
Microsoft Visual Studio Solution File, Format Version 12.00
# Visual Studio Version 16
VisualStudioVersion = 16.0.31321.278
MinimumVisualStudioVersion = 10.0.40219.1
Project("{FAE04EC0-301F-11D3-BF4B-00C04F79EFBC}") = "WebApplication1", "WebApplication1\WebApplication1.csproj", "{90C3EC8C-D19E-41E7-A982-97C694EEDB46}"
EndProject
Global
	GlobalSection(SolutionConfigurationPlatforms) = preSolution
		Debug|Any CPU = Debug|Any CPU
		Release|Any CPU = Release|Any CPU
	EndGlobalSection
	GlobalSection(ProjectConfigurationPlatforms) = postSolution
		{90C3EC8C-D19E-41E7-A982-97C694EEDB46}.Debug|Any CPU.ActiveCfg = Debug|Any CPU
		{90C3EC8C-D19E-41E7-A982-97C694EEDB46}.Debug|Any CPU.Build.0 = Debug|Any CPU
		{90C3EC8C-D19E-41E7-A982-97C694EEDB46}.Release|Any CPU.ActiveCfg = Release|Any CPU
		{90C3EC8C-D19E-41E7-A982-97C694EEDB46}.Release|Any CPU.Build.0 = Release|Any CPU
	EndGlobalSection
	GlobalSection(SolutionProperties) = preSolution
		HideSolutionNode = FALSE
	EndGlobalSection
	GlobalSection(ExtensibilityGlobals) = postSolution
		SolutionGuid = {6D31A390-D69B-49B9-A4F9-0F4908D662C4}
	EndGlobalSection
EndGlobal
